github.com/hectorcorrea/solr v0.0.0-20200220153518-010ade95b2a4 h1:cnH9wLahAGAa9gVoASy1mry6TfkjVV8bhL+tYwIOpHA=
github.com/hectorcorrea/solr v0.0.0-20200220153518-010ade95b2a4/go.mod h1:7CtKTmcrRHjGkgYBgGUXKM1+KZpxspZKko4ovHgBxJs=
github.com/hectorcorrea/solr v0.0.0-20200329192901-e993a11fc979 h1:nPux9wxVswctwG9y7s0IEXNWW9eu0wXuulXOuoVvee8=
github.com/hectorcorrea/solr v0.0.0-20200329192901-e993a11fc979/go.mod h1:7CtKTmcrRHjGkgYBgGUXKM1+KZpxspZKko4ovHgBxJs=
